
Microsoft Visual Studio Solution File, Format Version 12.00
Project("{FAE04EC0-301F-11D3-BF4B-00C04F79EFBC}") = "Muno.API", "Muno.API\Muno.API.csproj", "{67DFF723-69A4-4B7D-8EEE-285C5041AE1D}"
EndProject
Project("{FAE04EC0-301F-11D3-BF4B-00C04F79EFBC}") = "Muno.Application", "Muno.Application\Muno.Application.csproj", "{F1DA6F33-5871-4B22-9DE8-B31F3F6A6E28}"
EndProject
Project("{FAE04EC0-301F-11D3-BF4B-00C04F79EFBC}") = "Muno.Domain", "Muno.Domain\Muno.Domain.csproj", "{AD7760E4-E561-4080-975F-9641A9097B43}"
EndProject
Project("{FAE04EC0-301F-11D3-BF4B-00C04F79EFBC}") = "Infrastructure", "Infrastructure\Infrastructure.csproj", "{BE27CAA2-C054-44FA-8160-892B07EF5E2D}"
EndProject
Project("{FAE04EC0-301F-11D3-BF4B-00C04F79EFBC}") = "Tests", "Tests\Tests.csproj", "{88EEB78E-5C9C-4FF2-99F7-251E1D4ED36C}"
EndProject
Global
	GlobalSection(SolutionConfigurationPlatforms) = preSolution
		Debug|Any CPU = Debug|Any CPU
		Release|Any CPU = Release|Any CPU
	EndGlobalSection
	GlobalSection(ProjectConfigurationPlatforms) = postSolution
		{67DFF723-69A4-4B7D-8EEE-285C5041AE1D}.Debug|Any CPU.ActiveCfg = Debug|Any CPU
		{67DFF723-69A4-4B7D-8EEE-285C5041AE1D}.Debug|Any CPU.Build.0 = Debug|Any CPU
		{67DFF723-69A4-4B7D-8EEE-285C5041AE1D}.Release|Any CPU.ActiveCfg = Release|Any CPU
		{67DFF723-69A4-4B7D-8EEE-285C5041AE1D}.Release|Any CPU.Build.0 = Release|Any CPU
		{F1DA6F33-5871-4B22-9DE8-B31F3F6A6E28}.Debug|Any CPU.ActiveCfg = Debug|Any CPU
		{F1DA6F33-5871-4B22-9DE8-B31F3F6A6E28}.Debug|Any CPU.Build.0 = Debug|Any CPU
		{F1DA6F33-5871-4B22-9DE8-B31F3F6A6E28}.Release|Any CPU.ActiveCfg = Release|Any CPU
		{F1DA6F33-5871-4B22-9DE8-B31F3F6A6E28}.Release|Any CPU.Build.0 = Release|Any CPU
		{AD7760E4-E561-4080-975F-9641A9097B43}.Debug|Any CPU.ActiveCfg = Debug|Any CPU
		{AD7760E4-E561-4080-975F-9641A9097B43}.Debug|Any CPU.Build.0 = Debug|Any CPU
		{AD7760E4-E561-4080-975F-9641A9097B43}.Release|Any CPU.ActiveCfg = Release|Any CPU
		{AD7760E4-E561-4080-975F-9641A9097B43}.Release|Any CPU.Build.0 = Release|Any CPU
		{BE27CAA2-C054-44FA-8160-892B07EF5E2D}.Debug|Any CPU.ActiveCfg = Debug|Any CPU
		{BE27CAA2-C054-44FA-8160-892B07EF5E2D}.Debug|Any CPU.Build.0 = Debug|Any CPU
		{BE27CAA2-C054-44FA-8160-892B07EF5E2D}.Release|Any CPU.ActiveCfg = Release|Any CPU
		{BE27CAA2-C054-44FA-8160-892B07EF5E2D}.Release|Any CPU.Build.0 = Release|Any CPU
		{88EEB78E-5C9C-4FF2-99F7-251E1D4ED36C}.Debug|Any CPU.ActiveCfg = Debug|Any CPU
		{88EEB78E-5C9C-4FF2-99F7-251E1D4ED36C}.Debug|Any CPU.Build.0 = Debug|Any CPU
		{88EEB78E-5C9C-4FF2-99F7-251E1D4ED36C}.Release|Any CPU.ActiveCfg = Release|Any CPU
		{88EEB78E-5C9C-4FF2-99F7-251E1D4ED36C}.Release|Any CPU.Build.0 = Release|Any CPU
	EndGlobalSection
EndGlobal
